
Microsoft Visual Studio Solution File, Format Version 12.00
# Visual Studio 15
VisualStudioVersion = 15.0.28218.60
MinimumVisualStudioVersion = 10.0.40219.1
Project("{FAE04EC0-301F-11D3-BF4B-00C04F79EFBC}") = "Xamarin.Forms.Accessibility.Prism", "Xamarin.Forms.Accessibility.Prism\Xamarin.Forms.Accessibility.Prism\Xamarin.Forms.Accessibility.Prism.csproj", "{E33C42D0-BAB3-45E1-AAED-F2C2B177FE19}"
EndProject
Project("{FAE04EC0-301F-11D3-BF4B-00C04F79EFBC}") = "Xamarin.Forms.Accessibility.Prism.Android", "Xamarin.Forms.Accessibility.Prism\Xamarin.Forms.Accessibility.Prism.Android\Xamarin.Forms.Accessibility.Prism.Android.csproj", "{7F366FEC-D7D2-4BBB-8BB7-9707C59510C6}"
EndProject
Project("{FAE04EC0-301F-11D3-BF4B-00C04F79EFBC}") = "Xamarin.Forms.Accessibility.Prism.iOS", "Xamarin.Forms.Accessibility.Prism\Xamarin.Forms.Accessibility.Prism.iOS\Xamarin.Forms.Accessibility.Prism.iOS.csproj", "{A590E805-59B0-412B-B008-999C963CA2C6}"
EndProject
Global
	GlobalSection(SolutionConfigurationPlatforms) = preSolution
		Ad-Hoc|Any CPU = Ad-Hoc|Any CPU
		Ad-Hoc|iPhone = Ad-Hoc|iPhone
		Ad-Hoc|iPhoneSimulator = Ad-Hoc|iPhoneSimulator
		AppStore|Any CPU = AppStore|Any CPU
		AppStore|iPhone = AppStore|iPhone
		AppStore|iPhoneSimulator = AppStore|iPhoneSimulator
		Debug|Any CPU = Debug|Any CPU
		Debug|iPhone = Debug|iPhone
		Debug|iPhoneSimulator = Debug|iPhoneSimulator
		Release|Any CPU = Release|Any CPU
		Release|iPhone = Release|iPhone
		Release|iPhoneSimulator = Release|iPhoneSimulator
		Description = Lab for Xamarin.Forms accessibility
	EndGlobalSection
	GlobalSection(ProjectConfigurationPlatforms) = postSolution
		{E33C42D0-BAB3-45E1-AAED-F2C2B177FE19}.Ad-Hoc|Any CPU.ActiveCfg = Debug|Any CPU
		{E33C42D0-BAB3-45E1-AAED-F2C2B177FE19}.Ad-Hoc|Any CPU.Build.0 = Debug|Any CPU
		{E33C42D0-BAB3-45E1-AAED-F2C2B177FE19}.Ad-Hoc|iPhone.ActiveCfg = Debug|Any CPU
		{E33C42D0-BAB3-45E1-AAED-F2C2B177FE19}.Ad-Hoc|iPhone.Build.0 = Debug|Any CPU
		{E33C42D0-BAB3-45E1-AAED-F2C2B177FE19}.Ad-Hoc|iPhoneSimulator.ActiveCfg = Debug|Any CPU
		{E33C42D0-BAB3-45E1-AAED-F2C2B177FE19}.Ad-Hoc|iPhoneSimulator.Build.0 = Debug|Any CPU
		{E33C42D0-BAB3-45E1-AAED-F2C2B177FE19}.AppStore|Any CPU.ActiveCfg = Debug|Any CPU
		{E33C42D0-BAB3-45E1-AAED-F2C2B177FE19}.AppStore|Any CPU.Build.0 = Debug|Any CPU
		{E33C42D0-BAB3-45E1-AAED-F2C2B177FE19}.AppStore|iPhone.ActiveCfg = Debug|Any CPU
		{E33C42D0-BAB3-45E1-AAED-F2C2B177FE19}.AppStore|iPhone.Build.0 = Debug|Any CPU
		{E33C42D0-BAB3-45E1-AAED-F2C2B177FE19}.AppStore|iPhoneSimulator.ActiveCfg = Debug|Any CPU
		{E33C42D0-BAB3-45E1-AAED-F2C2B177FE19}.AppStore|iPhoneSimulator.Build.0 = Debug|Any CPU
		{E33C42D0-BAB3-45E1-AAED-F2C2B177FE19}.Debug|Any CPU.ActiveCfg = Debug|Any CPU
		{E33C42D0-BAB3-45E1-AAED-F2C2B177FE19}.Debug|Any CPU.Build.0 = Debug|Any CPU
		{E33C42D0-BAB3-45E1-AAED-F2C2B177FE19}.Debug|iPhone.ActiveCfg = Debug|Any CPU
		{E33C42D0-BAB3-45E1-AAED-F2C2B177FE19}.Debug|iPhone.Build.0 = Debug|Any CPU
		{E33C42D0-BAB3-45E1-AAED-F2C2B177FE19}.Debug|iPhoneSimulator.ActiveCfg = Debug|Any CPU
		{E33C42D0-BAB3-45E1-AAED-F2C2B177FE19}.Debug|iPhoneSimulator.Build.0 = Debug|Any CPU
		{E33C42D0-BAB3-45E1-AAED-F2C2B177FE19}.Release|Any CPU.ActiveCfg = Release|Any CPU
		{E33C42D0-BAB3-45E1-AAED-F2C2B177FE19}.Release|Any CPU.Build.0 = Release|Any CPU
		{E33C42D0-BAB3-45E1-AAED-F2C2B177FE19}.Release|iPhone.ActiveCfg = Release|Any CPU
		{E33C42D0-BAB3-45E1-AAED-F2C2B177FE19}.Release|iPhone.Build.0 = Release|Any CPU
		{E33C42D0-BAB3-45E1-AAED-F2C2B177FE19}.Release|iPhoneSimulator.ActiveCfg = Release|Any CPU
		{E33C42D0-BAB3-45E1-AAED-F2C2B177FE19}.Release|iPhoneSimulator.Build.0 = Release|Any CPU
		{7F366FEC-D7D2-4BBB-8BB7-9707C59510C6}.Ad-Hoc|Any CPU.ActiveCfg = Release|Any CPU
		{7F366FEC-D7D2-4BBB-8BB7-9707C59510C6}.Ad-Hoc|Any CPU.Build.0 = Release|Any CPU
		{7F366FEC-D7D2-4BBB-8BB7-9707C59510C6}.Ad-Hoc|Any CPU.Deploy.0 = Release|Any CPU
		{7F366FEC-D7D2-4BBB-8BB7-9707C59510C6}.Ad-Hoc|iPhone.ActiveCfg = Release|Any CPU
		{7F366FEC-D7D2-4BBB-8BB7-9707C59510C6}.Ad-Hoc|iPhone.Build.0 = Release|Any CPU
		{7F366FEC-D7D2-4BBB-8BB7-9707C59510C6}.Ad-Hoc|iPhone.Deploy.0 = Release|Any CPU
		{7F366FEC-D7D2-4BBB-8BB7-9707C59510C6}.Ad-Hoc|iPhoneSimulator.ActiveCfg = Release|Any CPU
		{7F366FEC-D7D2-4BBB-8BB7-9707C59510C6}.Ad-Hoc|iPhoneSimulator.Build.0 = Release|Any CPU
		{7F366FEC-D7D2-4BBB-8BB7-9707C59510C6}.Ad-Hoc|iPhoneSimulator.Deploy.0 = Release|Any CPU
		{7F366FEC-D7D2-4BBB-8BB7-9707C59510C6}.AppStore|Any CPU.ActiveCfg = Release|Any CPU
		{7F366FEC-D7D2-4BBB-8BB7-9707C59510C6}.AppStore|Any CPU.Build.0 = Release|Any CPU
		{7F366FEC-D7D2-4BBB-8BB7-9707C59510C6}.AppStore|Any CPU.Deploy.0 = Release|Any CPU
		{7F366FEC-D7D2-4BBB-8BB7-9707C59510C6}.AppStore|iPhone.ActiveCfg = Release|Any CPU
		{7F366FEC-D7D2-4BBB-8BB7-9707C59510C6}.AppStore|iPhone.Build.0 = Release|Any CPU
		{7F366FEC-D7D2-4BBB-8BB7-9707C59510C6}.AppStore|iPhone.Deploy.0 = Release|Any CPU
		{7F366FEC-D7D2-4BBB-8BB7-9707C59510C6}.AppStore|iPhoneSimulator.ActiveCfg = Release|Any CPU
		{7F366FEC-D7D2-4BBB-8BB7-9707C59510C6}.AppStore|iPhoneSimulator.Build.0 = Release|Any CPU
		{7F366FEC-D7D2-4BBB-8BB7-9707C59510C6}.AppStore|iPhoneSimulator.Deploy.0 = Release|Any CPU
		{7F366FEC-D7D2-4BBB-8BB7-9707C59510C6}.Debug|Any CPU.ActiveCfg = Debug|Any CPU
		{7F366FEC-D7D2-4BBB-8BB7-9707C59510C6}.Debug|Any CPU.Build.0 = Debug|Any CPU
		{7F366FEC-D7D2-4BBB-8BB7-9707C59510C6}.Debug|Any CPU.Deploy.0 = Debug|Any CPU
		{7F366FEC-D7D2-4BBB-8BB7-9707C59510C6}.Debug|iPhone.ActiveCfg = Debug|Any CPU
		{7F366FEC-D7D2-4BBB-8BB7-9707C59510C6}.Debug|iPhone.Build.0 = Debug|Any CPU
		{7F366FEC-D7D2-4BBB-8BB7-9707C59510C6}.Debug|iPhone.Deploy.0 = Debug|Any CPU
		{7F366FEC-D7D2-4BBB-8BB7-9707C59510C6}.Debug|iPhoneSimulator.ActiveCfg = Debug|Any CPU
		{7F366FEC-D7D2-4BBB-8BB7-9707C59510C6}.Debug|iPhoneSimulator.Build.0 = Debug|Any CPU
		{7F366FEC-D7D2-4BBB-8BB7-9707C59510C6}.Debug|iPhoneSimulator.Deploy.0 = Debug|Any CPU
		{7F366FEC-D7D2-4BBB-8BB7-9707C59510C6}.Release|Any CPU.ActiveCfg = Release|Any CPU
		{7F366FEC-D7D2-4BBB-8BB7-9707C59510C6}.Release|Any CPU.Build.0 = Release|Any CPU
		{7F366FEC-D7D2-4BBB-8BB7-9707C59510C6}.Release|Any CPU.Deploy.0 = Release|Any CPU
		{7F366FEC-D7D2-4BBB-8BB7-9707C59510C6}.Release|iPhone.ActiveCfg = Release|Any CPU
		{7F366FEC-D7D2-4BBB-8BB7-9707C59510C6}.Release|iPhone.Build.0 = Release|Any CPU
		{7F366FEC-D7D2-4BBB-8BB7-9707C59510C6}.Release|iPhone.Deploy.0 = Release|Any CPU
		{7F366FEC-D7D2-4BBB-8BB7-9707C59510C6}.Release|iPhoneSimulator.ActiveCfg = Release|Any CPU
		{7F366FEC-D7D2-4BBB-8BB7-9707C59510C6}.Release|iPhoneSimulator.Build.0 = Release|Any CPU
		{7F366FEC-D7D2-4BBB-8BB7-9707C59510C6}.Release|iPhoneSimulator.Deploy.0 = Release|Any CPU
		{A590E805-59B0-412B-B008-999C963CA2C6}.Ad-Hoc|Any CPU.ActiveCfg = Ad-Hoc|iPhone
		{A590E805-59B0-412B-B008-999C963CA2C6}.Ad-Hoc|iPhone.ActiveCfg = Ad-Hoc|iPhone
		{A590E805-59B0-412B-B008-999C963CA2C6}.Ad-Hoc|iPhone.Build.0 = Ad-Hoc|iPhone
		{A590E805-59B0-412B-B008-999C963CA2C6}.Ad-Hoc|iPhoneSimulator.ActiveCfg = Ad-Hoc|iPhoneSimulator
		{A590E805-59B0-412B-B008-999C963CA2C6}.Ad-Hoc|iPhoneSimulator.Build.0 = Ad-Hoc|iPhoneSimulator
		{A590E805-59B0-412B-B008-999C963CA2C6}.AppStore|Any CPU.ActiveCfg = AppStore|iPhone
		{A590E805-59B0-412B-B008-999C963CA2C6}.AppStore|iPhone.ActiveCfg = AppStore|iPhone
		{A590E805-59B0-412B-B008-999C963CA2C6}.AppStore|iPhone.Build.0 = AppStore|iPhone
		{A590E805-59B0-412B-B008-999C963CA2C6}.AppStore|iPhoneSimulator.ActiveCfg = AppStore|iPhoneSimulator
		{A590E805-59B0-412B-B008-999C963CA2C6}.AppStore|iPhoneSimulator.Build.0 = AppStore|iPhoneSimulator
		{A590E805-59B0-412B-B008-999C963CA2C6}.Debug|Any CPU.ActiveCfg = Debug|iPhone
		{A590E805-59B0-412B-B008-999C963CA2C6}.Debug|iPhone.ActiveCfg = Debug|iPhone
		{A590E805-59B0-412B-B008-999C963CA2C6}.Debug|iPhone.Build.0 = Debug|iPhone
		{A590E805-59B0-412B-B008-999C963CA2C6}.Debug|iPhoneSimulator.ActiveCfg = Debug|iPhoneSimulator
		{A590E805-59B0-412B-B008-999C963CA2C6}.Debug|iPhoneSimulator.Build.0 = Debug|iPhoneSimulator
		{A590E805-59B0-412B-B008-999C963CA2C6}.Release|Any CPU.ActiveCfg = Release|iPhone
		{A590E805-59B0-412B-B008-999C963CA2C6}.Release|iPhone.ActiveCfg = Release|iPhone
		{A590E805-59B0-412B-B008-999C963CA2C6}.Release|iPhone.Build.0 = Release|iPhone
		{A590E805-59B0-412B-B008-999C963CA2C6}.Release|iPhoneSimulator.ActiveCfg = Release|iPhoneSimulator
		{A590E805-59B0-412B-B008-999C963CA2C6}.Release|iPhoneSimulator.Build.0 = Release|iPhoneSimulator
	EndGlobalSection
	GlobalSection(SolutionProperties) = preSolution
		HideSolutionNode = FALSE
	EndGlobalSection
EndGlobal
